
Microsoft Visual Studio Solution File, Format Version 12.00
# Visual Studio Version 16
VisualStudioVersion = 16.0.30907.101
MinimumVisualStudioVersion = 10.0.40219.1
Project("{FAE04EC0-301F-11D3-BF4B-00C04F79EFBC}") = "Pizzeria", "Pizzeria\Pizzeria.csproj", "{7C058787-C6DE-4D65-8F90-7341C97F44FC}"
EndProject
Project("{FAE04EC0-301F-11D3-BF4B-00C04F79EFBC}") = "Datos", "Datos\Datos.csproj", "{0B20DBDA-4BFC-4AC7-AAA6-3542B0AC64EB}"
EndProject
Project("{FAE04EC0-301F-11D3-BF4B-00C04F79EFBC}") = "Servicios", "Servicios\Servicios.csproj", "{50698BA9-2D31-4799-8B49-8F9417B6254E}"
EndProject
Global
	GlobalSection(SolutionConfigurationPlatforms) = preSolution
		Debug|Any CPU = Debug|Any CPU
		Release|Any CPU = Release|Any CPU
	EndGlobalSection
	GlobalSection(ProjectConfigurationPlatforms) = postSolution
		{7C058787-C6DE-4D65-8F90-7341C97F44FC}.Debug|Any CPU.ActiveCfg = Debug|Any CPU
		{7C058787-C6DE-4D65-8F90-7341C97F44FC}.Debug|Any CPU.Build.0 = Debug|Any CPU
		{7C058787-C6DE-4D65-8F90-7341C97F44FC}.Release|Any CPU.ActiveCfg = Release|Any CPU
		{7C058787-C6DE-4D65-8F90-7341C97F44FC}.Release|Any CPU.Build.0 = Release|Any CPU
		{0B20DBDA-4BFC-4AC7-AAA6-3542B0AC64EB}.Debug|Any CPU.ActiveCfg = Debug|Any CPU
		{0B20DBDA-4BFC-4AC7-AAA6-3542B0AC64EB}.Debug|Any CPU.Build.0 = Debug|Any CPU
		{0B20DBDA-4BFC-4AC7-AAA6-3542B0AC64EB}.Release|Any CPU.ActiveCfg = Release|Any CPU
		{0B20DBDA-4BFC-4AC7-AAA6-3542B0AC64EB}.Release|Any CPU.Build.0 = Release|Any CPU
		{50698BA9-2D31-4799-8B49-8F9417B6254E}.Debug|Any CPU.ActiveCfg = Debug|Any CPU
		{50698BA9-2D31-4799-8B49-8F9417B6254E}.Debug|Any CPU.Build.0 = Debug|Any CPU
		{50698BA9-2D31-4799-8B49-8F9417B6254E}.Release|Any CPU.ActiveCfg = Release|Any CPU
		{50698BA9-2D31-4799-8B49-8F9417B6254E}.Release|Any CPU.Build.0 = Release|Any CPU
	EndGlobalSection
	GlobalSection(SolutionProperties) = preSolution
		HideSolutionNode = FALSE
	EndGlobalSection
	GlobalSection(ExtensibilityGlobals) = postSolution
		SolutionGuid = {BA4E9E04-DF41-4A6D-A429-1325A0A2CCE5}
	EndGlobalSection
EndGlobal
